
Microsoft Visual Studio Solution File, Format Version 12.00
# Visual Studio 14
VisualStudioVersion = 14.0.25420.1
MinimumVisualStudioVersion = 10.0.40219.1
Project("{FAE04EC0-301F-11D3-BF4B-00C04F79EFBC}") = "Auto.DataProvider", "Auto.DataProvider\Auto.DataProvider.csproj", "{C6BFA933-B7EA-4099-A543-36B3EA5582D2}"
EndProject
Project("{2150E333-8FDC-42A3-9474-1A3956D46DE8}") = "CodeBase", "CodeBase", "{A3B6194A-D06A-4182-86E7-F1926C01D2C3}"
EndProject
Project("{2150E333-8FDC-42A3-9474-1A3956D46DE8}") = "UnitTests", "UnitTests", "{EEB5399F-AB76-403D-9720-9C584F3DCFBE}"
EndProject
Project("{FAE04EC0-301F-11D3-BF4B-00C04F79EFBC}") = "Auto.MSUnit", "Auto.MSUnit\Auto.MSUnit.csproj", "{C5B23397-EC04-47D3-A8B3-051574FFE1AF}"
EndProject
Global
	GlobalSection(SolutionConfigurationPlatforms) = preSolution
		Debug|Any CPU = Debug|Any CPU
		Release|Any CPU = Release|Any CPU
	EndGlobalSection
	GlobalSection(ProjectConfigurationPlatforms) = postSolution
		{C6BFA933-B7EA-4099-A543-36B3EA5582D2}.Debug|Any CPU.ActiveCfg = Debug|Any CPU
		{C6BFA933-B7EA-4099-A543-36B3EA5582D2}.Debug|Any CPU.Build.0 = Debug|Any CPU
		{C6BFA933-B7EA-4099-A543-36B3EA5582D2}.Release|Any CPU.ActiveCfg = Release|Any CPU
		{C6BFA933-B7EA-4099-A543-36B3EA5582D2}.Release|Any CPU.Build.0 = Release|Any CPU
		{C5B23397-EC04-47D3-A8B3-051574FFE1AF}.Debug|Any CPU.ActiveCfg = Debug|Any CPU
		{C5B23397-EC04-47D3-A8B3-051574FFE1AF}.Debug|Any CPU.Build.0 = Debug|Any CPU
		{C5B23397-EC04-47D3-A8B3-051574FFE1AF}.Release|Any CPU.ActiveCfg = Release|Any CPU
		{C5B23397-EC04-47D3-A8B3-051574FFE1AF}.Release|Any CPU.Build.0 = Release|Any CPU
	EndGlobalSection
	GlobalSection(SolutionProperties) = preSolution
		HideSolutionNode = FALSE
	EndGlobalSection
	GlobalSection(NestedProjects) = preSolution
		{C6BFA933-B7EA-4099-A543-36B3EA5582D2} = {A3B6194A-D06A-4182-86E7-F1926C01D2C3}
		{C5B23397-EC04-47D3-A8B3-051574FFE1AF} = {EEB5399F-AB76-403D-9720-9C584F3DCFBE}
	EndGlobalSection
EndGlobal
